
Microsoft Visual Studio Solution File, Format Version 12.00
# Visual Studio Version 16
VisualStudioVersion = 16.0.29911.84
MinimumVisualStudioVersion = 10.0.40219.1
Project("{FAE04EC0-301F-11D3-BF4B-00C04F79EFBC}") = "ContosoCrafts.WebSite", "ContosoCrafts.WebSite\ContosoCrafts.WebSite.csproj", "{7C087A8C-522B-4320-89D2-BADE75BFB1B2}"
EndProject
Global
	GlobalSection(SolutionConfigurationPlatforms) = preSolution
		Debug|Any CPU = Debug|Any CPU
		Release|Any CPU = Release|Any CPU
	EndGlobalSection
	GlobalSection(ProjectConfigurationPlatforms) = postSolution
		{7C087A8C-522B-4320-89D2-BADE75BFB1B2}.Debug|Any CPU.ActiveCfg = Debug|Any CPU
		{7C087A8C-522B-4320-89D2-BADE75BFB1B2}.Debug|Any CPU.Build.0 = Debug|Any CPU
		{7C087A8C-522B-4320-89D2-BADE75BFB1B2}.Release|Any CPU.ActiveCfg = Release|Any CPU
		{7C087A8C-522B-4320-89D2-BADE75BFB1B2}.Release|Any CPU.Build.0 = Release|Any CPU
	EndGlobalSection
	GlobalSection(SolutionProperties) = preSolution
		HideSolutionNode = FALSE
	EndGlobalSection
	GlobalSection(ExtensibilityGlobals) = postSolution
		SolutionGuid = {7C7D7BBF-B97E-46D3-8859-1BF243A46393}
	EndGlobalSection
EndGlobal
